
Microsoft Visual Studio Solution File, Format Version 12.00
# Visual Studio Version 17
VisualStudioVersion = 17.14.36518.9 d17.14
MinimumVisualStudioVersion = 10.0.40219.1
Project("{FAE04EC0-301F-11D3-BF4B-00C04F79EFBC}") = "AuthService", "AuthService\AuthService.csproj", "{F401E40C-5CE0-405B-8C1C-C427B335A59D}"
EndProject
Global
	GlobalSection(SolutionConfigurationPlatforms) = preSolution
		Debug|Any CPU = Debug|Any CPU
		Release|Any CPU = Release|Any CPU
	EndGlobalSection
	GlobalSection(ProjectConfigurationPlatforms) = postSolution
		{F401E40C-5CE0-405B-8C1C-C427B335A59D}.Debug|Any CPU.ActiveCfg = Debug|Any CPU
		{F401E40C-5CE0-405B-8C1C-C427B335A59D}.Debug|Any CPU.Build.0 = Debug|Any CPU
		{F401E40C-5CE0-405B-8C1C-C427B335A59D}.Release|Any CPU.ActiveCfg = Release|Any CPU
		{F401E40C-5CE0-405B-8C1C-C427B335A59D}.Release|Any CPU.Build.0 = Release|Any CPU
	EndGlobalSection
	GlobalSection(SolutionProperties) = preSolution
		HideSolutionNode = FALSE
	EndGlobalSection
	GlobalSection(ExtensibilityGlobals) = postSolution
		SolutionGuid = {59C077BC-07F8-44C5-9F3C-B3407793369E}
	EndGlobalSection
EndGlobal
